// !$*UTF8*$!
{
	archiveVersion = 1;
	classes = {
	};
	objectVersion = 56;
	objects = {

/* Begin PBXBuildFile section */
		1CD838372B28CC950031D558 /* SDK_SampleApp.swift in Sources */ = {isa = PBXBuildFile; fileRef = 1CD838342B28CC950031D558 /* SDK_SampleApp.swift */; };
		1CD838382B28CC950031D558 /* ConfigureUserView.swift in Sources */ = {isa = PBXBuildFile; fileRef = 1CD838352B28CC950031D558 /* ConfigureUserView.swift */; };
		1CD838392B28CC950031D558 /* RootView.swift in Sources */ = {isa = PBXBuildFile; fileRef = 1CD838362B28CC950031D558 /* RootView.swift */; };
		1CE003A72AF3E64A002F03FC /* APIExample.swift in Sources */ = {isa = PBXBuildFile; fileRef = 1CE0039B2AF3E64A002F03FC /* APIExample.swift */; };
		1CE003A82AF3E64A002F03FC /* SwiftUIExample.swift in Sources */ = {isa = PBXBuildFile; fileRef = 1CE0039D2AF3E64A002F03FC /* SwiftUIExample.swift */; };
		1CE003A92AF3E64A002F03FC /* Environment.swift in Sources */ = {isa = PBXBuildFile; fileRef = 1CE0039E2AF3E64A002F03FC /* Environment.swift */; };
		1CE003AA2AF3E64A002F03FC /* UIKitExample.swift in Sources */ = {isa = PBXBuildFile; fileRef = 1CE003A12AF3E64A002F03FC /* UIKitExample.swift */; };
		1CE003AB2AF3E64A002F03FC /* Assets.xcassets in Resources */ = {isa = PBXBuildFile; fileRef = 1CE003A22AF3E64A002F03FC /* Assets.xcassets */; };
		1CE003AC2AF3E64A002F03FC /* Preview Assets.xcassets in Resources */ = {isa = PBXBuildFile; fileRef = 1CE003A42AF3E64A002F03FC /* Preview Assets.xcassets */; };
		3E826B082FFEC0089418D19D /* Pods_CocoaPodsSample.framework in Frameworks */ = {isa = PBXBuildFile; fileRef = DD7BCAE4F654F8880DDF9156 /* Pods_CocoaPodsSample.framework */; };
/* End PBXBuildFile section */

/* Begin PBXFileReference section */
		155CCBE108E90C131FF53E0E /* Pods-CocoaPodsSample.release.xcconfig */ = {isa = PBXFileReference; includeInIndex = 1; lastKnownFileType = text.xcconfig; name = "Pods-CocoaPodsSample.release.xcconfig"; path = "Target Support Files/Pods-CocoaPodsSample/Pods-CocoaPodsSample.release.xcconfig"; sourceTree = "<group>"; };
		1C71DE862AD471A5000A2873 /* Sample-Info.plist */ = {isa = PBXFileReference; lastKnownFileType = text.plist.xml; name = "Sample-Info.plist"; path = "../Sources/Sample-Info.plist"; sourceTree = SOURCE_ROOT; };
		1CD838342B28CC950031D558 /* SDK_SampleApp.swift */ = {isa = PBXFileReference; fileEncoding = 4; lastKnownFileType = sourcecode.swift; path = SDK_SampleApp.swift; sourceTree = "<group>"; };
		1CD838352B28CC950031D558 /* ConfigureUserView.swift */ = {isa = PBXFileReference; fileEncoding = 4; lastKnownFileType = sourcecode.swift; path = ConfigureUserView.swift; sourceTree = "<group>"; };
		1CD838362B28CC950031D558 /* RootView.swift */ = {isa = PBXFileReference; fileEncoding = 4; lastKnownFileType = sourcecode.swift; path = RootView.swift; sourceTree = "<group>"; };
		1CE0039B2AF3E64A002F03FC /* APIExample.swift */ = {isa = PBXFileReference; fileEncoding = 4; lastKnownFileType = sourcecode.swift; path = APIExample.swift; sourceTree = "<group>"; };
		1CE0039D2AF3E64A002F03FC /* SwiftUIExample.swift */ = {isa = PBXFileReference; fileEncoding = 4; lastKnownFileType = sourcecode.swift; path = SwiftUIExample.swift; sourceTree = "<group>"; };
		1CE0039E2AF3E64A002F03FC /* Environment.swift */ = {isa = PBXFileReference; fileEncoding = 4; lastKnownFileType = sourcecode.swift; path = Environment.swift; sourceTree = "<group>"; };
		1CE0039F2AF3E64A002F03FC /* Sample.entitlements */ = {isa = PBXFileReference; fileEncoding = 4; lastKnownFileType = text.plist.entitlements; path = Sample.entitlements; sourceTree = "<group>"; };
		1CE003A12AF3E64A002F03FC /* UIKitExample.swift */ = {isa = PBXFileReference; fileEncoding = 4; lastKnownFileType = sourcecode.swift; path = UIKitExample.swift; sourceTree = "<group>"; };
		1CE003A22AF3E64A002F03FC /* Assets.xcassets */ = {isa = PBXFileReference; lastKnownFileType = folder.assetcatalog; path = Assets.xcassets; sourceTree = "<group>"; };
		1CE003A42AF3E64A002F03FC /* Preview Assets.xcassets */ = {isa = PBXFileReference; lastKnownFileType = folder.assetcatalog; path = "Preview Assets.xcassets"; sourceTree = "<group>"; };
		1CECD6642A2E86AB00C3A656 /* CocoaPodsSample.app */ = {isa = PBXFileReference; explicitFileType = wrapper.application; includeInIndex = 0; path = CocoaPodsSample.app; sourceTree = BUILT_PRODUCTS_DIR; };
		660F30B2DAC32E8336DEE4DB /* Pods-CocoaPodsSample.debug.xcconfig */ = {isa = PBXFileReference; includeInIndex = 1; lastKnownFileType = text.xcconfig; name = "Pods-CocoaPodsSample.debug.xcconfig"; path = "Target Support Files/Pods-CocoaPodsSample/Pods-CocoaPodsSample.debug.xcconfig"; sourceTree = "<group>"; };
		DD7BCAE4F654F8880DDF9156 /* Pods_CocoaPodsSample.framework */ = {isa = PBXFileReference; explicitFileType = wrapper.framework; includeInIndex = 0; path = Pods_CocoaPodsSample.framework; sourceTree = BUILT_PRODUCTS_DIR; };
/* End PBXFileReference section */

/* Begin PBXFrameworksBuildPhase section */
		1CECD6612A2E86AB00C3A656 /* Frameworks */ = {
			isa = PBXFrameworksBuildPhase;
			buildActionMask = 2147483647;
			files = (
				3E826B082FFEC0089418D19D /* Pods_CocoaPodsSample.framework in Frameworks */,
			);
			runOnlyForDeploymentPostprocessing = 0;
		};
/* End PBXFrameworksBuildPhase section */

/* Begin PBXGroup section */
		1CD838332B28CC950031D558 /* Root */ = {
			isa = PBXGroup;
			children = (
				1CD838342B28CC950031D558 /* SDK_SampleApp.swift */,
				1CD838352B28CC950031D558 /* ConfigureUserView.swift */,
				1CD838362B28CC950031D558 /* RootView.swift */,
			);
			path = Root;
			sourceTree = "<group>";
		};
		1CE003982AF3E64A002F03FC /* Sources */ = {
			isa = PBXGroup;
			children = (
				1CD838332B28CC950031D558 /* Root */,
				1CE0039E2AF3E64A002F03FC /* Environment.swift */,
				1CE0039A2AF3E64A002F03FC /* API Example */,
				1CE0039C2AF3E64A002F03FC /* SwiftUI Example */,
				1CE003A02AF3E64A002F03FC /* UIKitExample */,
				1C71DE862AD471A5000A2873 /* Sample-Info.plist */,
				1CE003A22AF3E64A002F03FC /* Assets.xcassets */,
				1CE0039F2AF3E64A002F03FC /* Sample.entitlements */,
				1CE003A32AF3E64A002F03FC /* Preview Content */,
			);
			name = Sources;
			path = ../Sources;
			sourceTree = "<group>";
		};
		1CE0039A2AF3E64A002F03FC /* API Example */ = {
			isa = PBXGroup;
			children = (
				1CE0039B2AF3E64A002F03FC /* APIExample.swift */,
			);
			path = "API Example";
			sourceTree = "<group>";
		};
		1CE0039C2AF3E64A002F03FC /* SwiftUI Example */ = {
			isa = PBXGroup;
			children = (
				1CE0039D2AF3E64A002F03FC /* SwiftUIExample.swift */,
			);
			path = "SwiftUI Example";
			sourceTree = "<group>";
		};
		1CE003A02AF3E64A002F03FC /* UIKitExample */ = {
			isa = PBXGroup;
			children = (
				1CE003A12AF3E64A002F03FC /* UIKitExample.swift */,
			);
			path = UIKitExample;
			sourceTree = "<group>";
		};
		1CE003A32AF3E64A002F03FC /* Preview Content */ = {
			isa = PBXGroup;
			children = (
				1CE003A42AF3E64A002F03FC /* Preview Assets.xcassets */,
			);
			path = "Preview Content";
			sourceTree = "<group>";
		};
		1CECD65B2A2E86AB00C3A656 = {
			isa = PBXGroup;
			children = (
				1CE003982AF3E64A002F03FC /* Sources */,
				1CECD6652A2E86AB00C3A656 /* Products */,
				4A1B93B8CF68000557867C95 /* Pods */,
				FFDE1B89D0B4B41EEC9B769C /* Frameworks */,
			);
			sourceTree = "<group>";
		};
		1CECD6652A2E86AB00C3A656 /* Products */ = {
			isa = PBXGroup;
			children = (
				1CECD6642A2E86AB00C3A656 /* CocoaPodsSample.app */,
			);
			name = Products;
			sourceTree = "<group>";
		};
		4A1B93B8CF68000557867C95 /* Pods */ = {
			isa = PBXGroup;
			children = (
				660F30B2DAC32E8336DEE4DB /* Pods-CocoaPodsSample.debug.xcconfig */,
				155CCBE108E90C131FF53E0E /* Pods-CocoaPodsSample.release.xcconfig */,
			);
			path = Pods;
			sourceTree = "<group>";
		};
		FFDE1B89D0B4B41EEC9B769C /* Frameworks */ = {
			isa = PBXGroup;
			children = (
				DD7BCAE4F654F8880DDF9156 /* Pods_CocoaPodsSample.framework */,
			);
			name = Frameworks;
			sourceTree = "<group>";
		};
/* End PBXGroup section */

/* Begin PBXNativeTarget section */
		1CECD6632A2E86AB00C3A656 /* CocoaPodsSample */ = {
			isa = PBXNativeTarget;
			buildConfigurationList = 1CECD6892A2E86AD00C3A656 /* Build configuration list for PBXNativeTarget "CocoaPodsSample" */;
			buildPhases = (
				0E4D10188C388DB544412ABA /* [CP] Check Pods Manifest.lock */,
				1CECD6602A2E86AB00C3A656 /* Sources */,
				1CECD6612A2E86AB00C3A656 /* Frameworks */,
				1CECD6622A2E86AB00C3A656 /* Resources */,
				2D00012508804DFA004E0CD9 /* [CP] Embed Pods Frameworks */,
			);
			buildRules = (
			);
			dependencies = (
			);
			name = CocoaPodsSample;
			productName = "SDK Sample";
			productReference = 1CECD6642A2E86AB00C3A656 /* CocoaPodsSample.app */;
			productType = "com.apple.product-type.application";
		};
/* End PBXNativeTarget section */

/* Begin PBXProject section */
		1CECD65C2A2E86AB00C3A656 /* Project object */ = {
			isa = PBXProject;
			attributes = {
				BuildIndependentTargetsInParallel = 1;
				LastSwiftUpdateCheck = 1430;
				LastUpgradeCheck = 1430;
				TargetAttributes = {
					1CECD6632A2E86AB00C3A656 = {
						CreatedOnToolsVersion = 14.3;
					};
				};
			};
			buildConfigurationList = 1CECD65F2A2E86AB00C3A656 /* Build configuration list for PBXProject "CocoaPodsSample" */;
			compatibilityVersion = "Xcode 14.0";
			developmentRegion = en;
			hasScannedForEncodings = 0;
			knownRegions = (
				en,
				Base,
			);
			mainGroup = 1CECD65B2A2E86AB00C3A656;
			productRefGroup = 1CECD6652A2E86AB00C3A656 /* Products */;
			projectDirPath = "";
			projectRoot = "";
			targets = (
				1CECD6632A2E86AB00C3A656 /* CocoaPodsSample */,
			);
		};
/* End PBXProject section */

/* Begin PBXResourcesBuildPhase section */
		1CECD6622A2E86AB00C3A656 /* Resources */ = {
			isa = PBXResourcesBuildPhase;
			buildActionMask = 2147483647;
			files = (
				1CE003AC2AF3E64A002F03FC /* Preview Assets.xcassets in Resources */,
				1CE003AB2AF3E64A002F03FC /* Assets.xcassets in Resources */,
			);
			runOnlyForDeploymentPostprocessing = 0;
		};
/* End PBXResourcesBuildPhase section */

/* Begin PBXShellScriptBuildPhase section */
		0E4D10188C388DB544412ABA /* [CP] Check Pods Manifest.lock */ = {
			isa = PBXShellScriptBuildPhase;
			buildActionMask = 2147483647;
			files = (
			);
			inputFileListPaths = (
			);
			inputPaths = (
				"${PODS_PODFILE_DIR_PATH}/Podfile.lock",
				"${PODS_ROOT}/Manifest.lock",
			);
			name = "[CP] Check Pods Manifest.lock";
			outputFileListPaths = (
			);
			outputPaths = (
				"$(DERIVED_FILE_DIR)/Pods-CocoaPodsSample-checkManifestLockResult.txt",
			);
			runOnlyForDeploymentPostprocessing = 0;
			shellPath = /bin/sh;
			shellScript = "diff \"${PODS_PODFILE_DIR_PATH}/Podfile.lock\" \"${PODS_ROOT}/Manifest.lock\" > /dev/null\nif [ $? != 0 ] ; then\n    # print error to STDERR\n    echo \"error: The sandbox is not in sync with the Podfile.lock. Run 'pod install' or update your CocoaPods installation.\" >&2\n    exit 1\nfi\n# This output is used by Xcode 'outputs' to avoid re-running this script phase.\necho \"SUCCESS\" > \"${SCRIPT_OUTPUT_FILE_0}\"\n";
			showEnvVarsInLog = 0;
		};
		2D00012508804DFA004E0CD9 /* [CP] Embed Pods Frameworks */ = {
			isa = PBXShellScriptBuildPhase;
			buildActionMask = 2147483647;
			files = (
			);
			inputFileListPaths = (
				"${PODS_ROOT}/Target Support Files/Pods-CocoaPodsSample/Pods-CocoaPodsSample-frameworks-${CONFIGURATION}-input-files.xcfilelist",
			);
			name = "[CP] Embed Pods Frameworks";
			outputFileListPaths = (
				"${PODS_ROOT}/Target Support Files/Pods-CocoaPodsSample/Pods-CocoaPodsSample-frameworks-${CONFIGURATION}-output-files.xcfilelist",
			);
			runOnlyForDeploymentPostprocessing = 0;
			shellPath = /bin/sh;
			shellScript = "\"${PODS_ROOT}/Target Support Files/Pods-CocoaPodsSample/Pods-CocoaPodsSample-frameworks.sh\"\n";
			showEnvVarsInLog = 0;
		};
/* End PBXShellScriptBuildPhase section */

/* Begin PBXSourcesBuildPhase section */
		1CECD6602A2E86AB00C3A656 /* Sources */ = {
			isa = PBXSourcesBuildPhase;
			buildActionMask = 2147483647;
			files = (
				1CD838382B28CC950031D558 /* ConfigureUserView.swift in Sources */,
				1CE003A72AF3E64A002F03FC /* APIExample.swift in Sources */,
				1CE003A82AF3E64A002F03FC /* SwiftUIExample.swift in Sources */,
				1CD838372B28CC950031D558 /* SDK_SampleApp.swift in Sources */,
				1CD838392B28CC950031D558 /* RootView.swift in Sources */,
				1CE003AA2AF3E64A002F03FC /* UIKitExample.swift in Sources */,
				1CE003A92AF3E64A002F03FC /* Environment.swift in Sources */,
			);
			runOnlyForDeploymentPostprocessing = 0;
		};
/* End PBXSourcesBuildPhase section */

/* Begin XCBuildConfiguration section */
		1CECD6872A2E86AD00C3A656 /* Debug */ = {
			isa = XCBuildConfiguration;
			buildSettings = {
				ALWAYS_SEARCH_USER_PATHS = NO;
				CLANG_ANALYZER_NONNULL = YES;
				CLANG_ANALYZER_NUMBER_OBJECT_CONVERSION = YES_AGGRESSIVE;
				CLANG_CXX_LANGUAGE_STANDARD = "gnu++20";
				CLANG_ENABLE_MODULES = YES;
				CLANG_ENABLE_OBJC_ARC = YES;
				CLANG_ENABLE_OBJC_WEAK = YES;
				CLANG_WARN_BLOCK_CAPTURE_AUTORELEASING = YES;
				CLANG_WARN_BOOL_CONVERSION = YES;
				CLANG_WARN_COMMA = YES;
				CLANG_WARN_CONSTANT_CONVERSION = YES;
				CLANG_WARN_DEPRECATED_OBJC_IMPLEMENTATIONS = YES;
				CLANG_WARN_DIRECT_OBJC_ISA_USAGE = YES_ERROR;
				CLANG_WARN_DOCUMENTATION_COMMENTS = YES;
				CLANG_WARN_EMPTY_BODY = YES;
				CLANG_WARN_ENUM_CONVERSION = YES;
				CLANG_WARN_INFINITE_RECURSION = YES;
				CLANG_WARN_INT_CONVERSION = YES;
				CLANG_WARN_NON_LITERAL_NULL_CONVERSION = YES;
				CLANG_WARN_OBJC_IMPLICIT_RETAIN_SELF = YES;
				CLANG_WARN_OBJC_LITERAL_CONVERSION = YES;
				CLANG_WARN_OBJC_ROOT_CLASS = YES_ERROR;
				CLANG_WARN_QUOTED_INCLUDE_IN_FRAMEWORK_HEADER = YES;
				CLANG_WARN_RANGE_LOOP_ANALYSIS = YES;
				CLANG_WARN_STRICT_PROTOTYPES = YES;
				CLANG_WARN_SUSPICIOUS_MOVE = YES;
				CLANG_WARN_UNGUARDED_AVAILABILITY = YES_AGGRESSIVE;
				CLANG_WARN_UNREACHABLE_CODE = YES;
				CLANG_WARN__DUPLICATE_METHOD_MATCH = YES;
				COPY_PHASE_STRIP = NO;
				DEBUG_INFORMATION_FORMAT = dwarf;
				ENABLE_STRICT_OBJC_MSGSEND = YES;
				ENABLE_TESTABILITY = YES;
				GCC_C_LANGUAGE_STANDARD = gnu11;
				GCC_DYNAMIC_NO_PIC = NO;
				GCC_NO_COMMON_BLOCKS = YES;
				GCC_OPTIMIZATION_LEVEL = 0;
				GCC_PREPROCESSOR_DEFINITIONS = (
					"DEBUG=1",
					"$(inherited)",
				);
				GCC_WARN_64_TO_32_BIT_CONVERSION = YES;
				GCC_WARN_ABOUT_RETURN_TYPE = YES_ERROR;
				GCC_WARN_UNDECLARED_SELECTOR = YES;
				GCC_WARN_UNINITIALIZED_AUTOS = YES_AGGRESSIVE;
				GCC_WARN_UNUSED_FUNCTION = YES;
				GCC_WARN_UNUSED_VARIABLE = YES;
				MTL_ENABLE_DEBUG_INFO = INCLUDE_SOURCE;
				MTL_FAST_MATH = YES;
				ONLY_ACTIVE_ARCH = YES;
				SWIFT_ACTIVE_COMPILATION_CONDITIONS = DEBUG;
				SWIFT_OPTIMIZATION_LEVEL = "-Onone";
			};
			name = Debug;
		};
		1CECD6882A2E86AD00C3A656 /* Release */ = {
			isa = XCBuildConfiguration;
			buildSettings = {
				ALWAYS_SEARCH_USER_PATHS = NO;
				CLANG_ANALYZER_NONNULL = YES;
				CLANG_ANALYZER_NUMBER_OBJECT_CONVERSION = YES_AGGRESSIVE;
				CLANG_CXX_LANGUAGE_STANDARD = "gnu++20";
				CLANG_ENABLE_MODULES = YES;
				CLANG_ENABLE_OBJC_ARC = YES;
				CLANG_ENABLE_OBJC_WEAK = YES;
				CLANG_WARN_BLOCK_CAPTURE_AUTORELEASING = YES;
				CLANG_WARN_BOOL_CONVERSION = YES;
				CLANG_WARN_COMMA = YES;
				CLANG_WARN_CONSTANT_CONVERSION = YES;
				CLANG_WARN_DEPRECATED_OBJC_IMPLEMENTATIONS = YES;
				CLANG_WARN_DIRECT_OBJC_ISA_USAGE = YES_ERROR;
				CLANG_WARN_DOCUMENTATION_COMMENTS = YES;
				CLANG_WARN_EMPTY_BODY = YES;
				CLANG_WARN_ENUM_CONVERSION = YES;
				CLANG_WARN_INFINITE_RECURSION = YES;
				CLANG_WARN_INT_CONVERSION = YES;
				CLANG_WARN_NON_LITERAL_NULL_CONVERSION = YES;
				CLANG_WARN_OBJC_IMPLICIT_RETAIN_SELF = YES;
				CLANG_WARN_OBJC_LITERAL_CONVERSION = YES;
				CLANG_WARN_OBJC_ROOT_CLASS = YES_ERROR;
				CLANG_WARN_QUOTED_INCLUDE_IN_FRAMEWORK_HEADER = YES;
				CLANG_WARN_RANGE_LOOP_ANALYSIS = YES;
				CLANG_WARN_STRICT_PROTOTYPES = YES;
				CLANG_WARN_SUSPICIOUS_MOVE = YES;
				CLANG_WARN_UNGUARDED_AVAILABILITY = YES_AGGRESSIVE;
				CLANG_WARN_UNREACHABLE_CODE = YES;
				CLANG_WARN__DUPLICATE_METHOD_MATCH = YES;
				COPY_PHASE_STRIP = NO;
				DEBUG_INFORMATION_FORMAT = "dwarf-with-dsym";
				ENABLE_NS_ASSERTIONS = NO;
				ENABLE_STRICT_OBJC_MSGSEND = YES;
				GCC_C_LANGUAGE_STANDARD = gnu11;
				GCC_NO_COMMON_BLOCKS = YES;
				GCC_WARN_64_TO_32_BIT_CONVERSION = YES;
				GCC_WARN_ABOUT_RETURN_TYPE = YES_ERROR;
				GCC_WARN_UNDECLARED_SELECTOR = YES;
				GCC_WARN_UNINITIALIZED_AUTOS = YES_AGGRESSIVE;
				GCC_WARN_UNUSED_FUNCTION = YES;
				GCC_WARN_UNUSED_VARIABLE = YES;
				MTL_ENABLE_DEBUG_INFO = NO;
				MTL_FAST_MATH = YES;
				SWIFT_COMPILATION_MODE = wholemodule;
				SWIFT_OPTIMIZATION_LEVEL = "-O";
			};
			name = Release;
		};
		1CECD68A2A2E86AD00C3A656 /* Debug */ = {
			isa = XCBuildConfiguration;
			baseConfigurationReference = 660F30B2DAC32E8336DEE4DB /* Pods-CocoaPodsSample.debug.xcconfig */;
			buildSettings = {
				ASSETCATALOG_COMPILER_APPICON_NAME = AppIcon;
				CODE_SIGN_ENTITLEMENTS = ../Sources/Sample.entitlements;
				CODE_SIGN_STYLE = Automatic;
				CURRENT_PROJECT_VERSION = 0;
				DEVELOPMENT_ASSET_PATHS = "\"../Sources/Preview Content\"";
				DEVELOPMENT_TEAM = 3856BYZ76H;
				ENABLE_HARDENED_RUNTIME = YES;
				ENABLE_PREVIEWS = YES;
				GENERATE_INFOPLIST_FILE = YES;
				INFOPLIST_FILE = "../Sources/Sample-Info.plist";
				INFOPLIST_KEY_CFBundleDisplayName = "SDK Sample";
				INFOPLIST_KEY_NSBluetoothAlwaysUsageDescription = "Our application needs Bluetooth access to determine whether you are in an eligible area to use this feature. Location checks are only performed when using this feature.";
				INFOPLIST_KEY_NSBluetoothPeripheralUsageDescription = "Our application needs Bluetooth access to determine whether you are in an eligible area to use this feature. Location checks are only performed when using this feature.";
				INFOPLIST_KEY_NSCameraUsageDescription = "Needed to share photos related to contests.";
				INFOPLIST_KEY_NSFaceIDUsageDescription = "We use FaceID to improve security";
				INFOPLIST_KEY_NSLocalNetworkUsageDescription = "Network usage required for debugging purposes ";
				INFOPLIST_KEY_NSLocationAlwaysAndWhenInUseUsageDescription = "We need your location to verify you are in a legal state to make deposits and create or accept contests";
				INFOPLIST_KEY_NSLocationAlwaysUsageDescription = "We need your location to verify you are in a legal state to make deposits and create or accept contests";
				INFOPLIST_KEY_NSLocationWhenInUseUsageDescription = "We need your location to verify you are in a legal state to make deposits and create or accept contests";
				INFOPLIST_KEY_NSMotionUsageDescription = "Our application needs motion information to determine if you are eligible to use this feature. Motion information is only collected when using this feature.";
				INFOPLIST_KEY_NSPhotoLibraryUsageDescription = "We need access to save photos to your Photos Library.";
				"INFOPLIST_KEY_UIApplicationSceneManifest_Generation[sdk=iphoneos*]" = YES;
				"INFOPLIST_KEY_UIApplicationSceneManifest_Generation[sdk=iphonesimulator*]" = YES;
				"INFOPLIST_KEY_UIApplicationSupportsIndirectInputEvents[sdk=iphoneos*]" = YES;
				"INFOPLIST_KEY_UIApplicationSupportsIndirectInputEvents[sdk=iphonesimulator*]" = YES;
				"INFOPLIST_KEY_UILaunchScreen_Generation[sdk=iphoneos*]" = YES;
				"INFOPLIST_KEY_UILaunchScreen_Generation[sdk=iphonesimulator*]" = YES;
				"INFOPLIST_KEY_UIStatusBarStyle[sdk=iphoneos*]" = UIStatusBarStyleDefault;
				"INFOPLIST_KEY_UIStatusBarStyle[sdk=iphonesimulator*]" = UIStatusBarStyleDefault;
				INFOPLIST_KEY_UISupportedInterfaceOrientations = UIInterfaceOrientationPortrait;
				INFOPLIST_KEY_UISupportedInterfaceOrientations_iPad = "UIInterfaceOrientationLandscapeLeft UIInterfaceOrientationLandscapeRight UIInterfaceOrientationPortrait UIInterfaceOrientationPortraitUpsideDown";
				IPHONEOS_DEPLOYMENT_TARGET = 15.0;
				LD_RUNPATH_SEARCH_PATHS = "@executable_path/Frameworks";
				"LD_RUNPATH_SEARCH_PATHS[sdk=macosx*]" = "@executable_path/../Frameworks";
				LIBRARY_SEARCH_PATHS = (
					"$(inherited)",
					"$(PROJECT_DIR)",
				);
				MACOSX_DEPLOYMENT_TARGET = 13.3;
				MARKETING_VERSION = 1.0.2;
				PRODUCT_BUNDLE_IDENTIFIER = "com.lucrasports.mobile-sample";
				PRODUCT_NAME = "$(TARGET_NAME)";
				SDKROOT = auto;
				SUPPORTED_PLATFORMS = "iphoneos iphonesimulator";
				SUPPORTS_MACCATALYST = NO;
				SUPPORTS_MAC_DESIGNED_FOR_IPHONE_IPAD = NO;
				SWIFT_EMIT_LOC_STRINGS = YES;
				SWIFT_VERSION = 5.0;
				TARGETED_DEVICE_FAMILY = "1,2";
			};
			name = Debug;
		};
		1CECD68B2A2E86AD00C3A656 /* Release */ = {
			isa = XCBuildConfiguration;
			baseConfigurationReference = 155CCBE108E90C131FF53E0E /* Pods-CocoaPodsSample.release.xcconfig */;
			buildSettings = {
				ASSETCATALOG_COMPILER_APPICON_NAME = AppIcon;
				CODE_SIGN_ENTITLEMENTS = ../Sources/Sample.entitlements;
				CODE_SIGN_STYLE = Automatic;
				CURRENT_PROJECT_VERSION = 0;
				DEVELOPMENT_ASSET_PATHS = "\"../Sources/Preview Content\"";
				DEVELOPMENT_TEAM = 3856BYZ76H;
				ENABLE_HARDENED_RUNTIME = YES;
				ENABLE_PREVIEWS = YES;
				GENERATE_INFOPLIST_FILE = YES;
				INFOPLIST_FILE = "../Sources/Sample-Info.plist";
				INFOPLIST_KEY_CFBundleDisplayName = "SDK Sample";
				INFOPLIST_KEY_NSBluetoothAlwaysUsageDescription = "Our application needs Bluetooth access to determine whether you are in an eligible area to use this feature. Location checks are only performed when using this feature.";
				INFOPLIST_KEY_NSBluetoothPeripheralUsageDescription = "Our application needs Bluetooth access to determine whether you are in an eligible area to use this feature. Location checks are only performed when using this feature.";
				INFOPLIST_KEY_NSCameraUsageDescription = "Needed to share photos related to contests.";
				INFOPLIST_KEY_NSFaceIDUsageDescription = "We use FaceID to improve security";
				INFOPLIST_KEY_NSLocalNetworkUsageDescription = "Network usage required for debugging purposes ";
				INFOPLIST_KEY_NSLocationAlwaysAndWhenInUseUsageDescription = "We need your location to verify you are in a legal state to make deposits and create or accept contests";
				INFOPLIST_KEY_NSLocationAlwaysUsageDescription = "We need your location to verify you are in a legal state to make deposits and create or accept contests";
				INFOPLIST_KEY_NSLocationWhenInUseUsageDescription = "We need your location to verify you are in a legal state to make deposits and create or accept contests";
				INFOPLIST_KEY_NSMotionUsageDescription = "Our application needs motion information to determine if you are eligible to use this feature. Motion information is only collected when using this feature.";
				INFOPLIST_KEY_NSPhotoLibraryUsageDescription = "We need access to save photos to your Photos Library.";
				"INFOPLIST_KEY_UIApplicationSceneManifest_Generation[sdk=iphoneos*]" = YES;
				"INFOPLIST_KEY_UIApplicationSceneManifest_Generation[sdk=iphonesimulator*]" = YES;
				"INFOPLIST_KEY_UIApplicationSupportsIndirectInputEvents[sdk=iphoneos*]" = YES;
				"INFOPLIST_KEY_UIApplicationSupportsIndirectInputEvents[sdk=iphonesimulator*]" = YES;
				"INFOPLIST_KEY_UILaunchScreen_Generation[sdk=iphoneos*]" = YES;
				"INFOPLIST_KEY_UILaunchScreen_Generation[sdk=iphonesimulator*]" = YES;
				"INFOPLIST_KEY_UIStatusBarStyle[sdk=iphoneos*]" = UIStatusBarStyleDefault;
				"INFOPLIST_KEY_UIStatusBarStyle[sdk=iphonesimulator*]" = UIStatusBarStyleDefault;
				INFOPLIST_KEY_UISupportedInterfaceOrientations = UIInterfaceOrientationPortrait;
				INFOPLIST_KEY_UISupportedInterfaceOrientations_iPad = "UIInterfaceOrientationLandscapeLeft UIInterfaceOrientationLandscapeRight UIInterfaceOrientationPortrait UIInterfaceOrientationPortraitUpsideDown";
				IPHONEOS_DEPLOYMENT_TARGET = 15.0;
				LD_RUNPATH_SEARCH_PATHS = "@executable_path/Frameworks";
				"LD_RUNPATH_SEARCH_PATHS[sdk=macosx*]" = "@executable_path/../Frameworks";
				LIBRARY_SEARCH_PATHS = (
					"$(inherited)",
					"$(PROJECT_DIR)",
				);
				MACOSX_DEPLOYMENT_TARGET = 13.3;
				MARKETING_VERSION = 1.0.2;
				PRODUCT_BUNDLE_IDENTIFIER = "com.lucrasports.mobile-sample";
				PRODUCT_NAME = "$(TARGET_NAME)";
				SDKROOT = auto;
				SUPPORTED_PLATFORMS = "iphoneos iphonesimulator";
				SUPPORTS_MACCATALYST = NO;
				SUPPORTS_MAC_DESIGNED_FOR_IPHONE_IPAD = NO;
				SWIFT_EMIT_LOC_STRINGS = YES;
				SWIFT_VERSION = 5.0;
				TARGETED_DEVICE_FAMILY = "1,2";
			};
			name = Release;
		};
/* End XCBuildConfiguration section */

/* Begin XCConfigurationList section */
		1CECD65F2A2E86AB00C3A656 /* Build configuration list for PBXProject "CocoaPodsSample" */ = {
			isa = XCConfigurationList;
			buildConfigurations = (
				1CECD6872A2E86AD00C3A656 /* Debug */,
				1CECD6882A2E86AD00C3A656 /* Release */,
			);
			defaultConfigurationIsVisible = 0;
			defaultConfigurationName = Release;
		};
		1CECD6892A2E86AD00C3A656 /* Build configuration list for PBXNativeTarget "CocoaPodsSample" */ = {
			isa = XCConfigurationList;
			buildConfigurations = (
				1CECD68A2A2E86AD00C3A656 /* Debug */,
				1CECD68B2A2E86AD00C3A656 /* Release */,
			);
			defaultConfigurationIsVisible = 0;
			defaultConfigurationName = Release;
		};
/* End XCConfigurationList section */
	};
	rootObject = 1CECD65C2A2E86AB00C3A656 /* Project object */;
}
