{
  "pins" : [
    {
      "identity" : "analytics-swift",
      "kind" : "remoteSourceControl",
      "location" : "https://github.com/segmentio/analytics-swift.git",
      "state" : {
        "revision" : "067d089444856db64c06775b42d4993b21792bc7",
        "version" : "1.5.3"
      }
    },
    {
      "identity" : "auth0.swift",
      "kind" : "remoteSourceControl",
      "location" : "https://github.com/auth0/Auth0.swift.git",
      "state" : {
        "revision" : "9d970f3f5a694a146724e055c7932808a274d96e",
        "version" : "2.5.0"
      }
    },
    {
      "identity" : "commonui_sdk_ios",
      "kind" : "remoteSourceControl",
      "location" : "https://github.com/zendesk/commonui_sdk_ios",
      "state" : {
        "revision" : "193f7daf7b7ad9788ceffa2d7cd285cd48e63e57",
        "version" : "9.0.0"
      }
    },
    {
      "identity" : "core_sdk_ios",
      "kind" : "remoteSourceControl",
      "location" : "https://github.com/zendesk/core_sdk_ios",
      "state" : {
        "revision" : "9f713da35ec46ada0245f7d89a43e15e849cd131",
        "version" : "5.0.0"
      }
    },
    {
      "identity" : "gifu",
      "kind" : "remoteSourceControl",
      "location" : "https://github.com/kaishin/Gifu",
      "state" : {
        "revision" : "82da0086dea14ca9afc9801234ad8dc4cd9e2738",
        "version" : "3.4.1"
      }
    },
    {
      "identity" : "jsonsafeencoder-swift",
      "kind" : "remoteSourceControl",
      "location" : "https://github.com/segmentio/jsonsafeencoder-swift.git",
      "state" : {
        "revision" : "8b70dc8c01b7b041912e30e29d2b488a43f782ac",
        "version" : "1.0.1"
      }
    },
    {
      "identity" : "jwtdecode.swift",
      "kind" : "remoteSourceControl",
      "location" : "https://github.com/auth0/JWTDecode.swift.git",
      "state" : {
        "revision" : "58af7278797871e460d79496621b3e5366b865b2",
        "version" : "3.1.0"
      }
    },
    {
      "identity" : "messaging_sdk_ios",
      "kind" : "remoteSourceControl",
      "location" : "https://github.com/zendesk/messaging_sdk_ios",
      "state" : {
        "revision" : "825cc5fcb0e7bcda5bb713089245dae31ee07ae4",
        "version" : "6.0.0"
      }
    },
    {
      "identity" : "messagingapi_sdk_ios",
      "kind" : "remoteSourceControl",
      "location" : "https://github.com/zendesk/messagingapi_sdk_ios",
      "state" : {
        "revision" : "2f21e014a1f284edf484faf39b2b6fe377ec8c64",
        "version" : "6.0.0"
      }
    },
    {
      "identity" : "nuke",
      "kind" : "remoteSourceControl",
      "location" : "https://github.com/kean/Nuke.git",
      "state" : {
        "revision" : "a002b7fd786f2df2ed4333fe73a9727499fd9d97",
        "version" : "10.11.2"
      }
    },
    {
      "identity" : "nukeui",
      "kind" : "remoteSourceControl",
      "location" : "https://github.com/kean/NukeUI",
      "state" : {
        "revision" : "db55022a8e483774ebbf3568727071477546d9ea",
        "version" : "0.8.3"
      }
    },
    {
      "identity" : "pulse",
      "kind" : "remoteSourceControl",
      "location" : "https://github.com/kean/Pulse.git",
      "state" : {
        "revision" : "e8bc65bd43d1f32aef533e723f2d324830431120",
        "version" : "3.7.3"
      }
    },
    {
      "identity" : "resolver",
      "kind" : "remoteSourceControl",
      "location" : "https://github.com/hmlongco/Resolver",
      "state" : {
        "revision" : "97de0b0320036607564af4a60025b48f8d041221",
        "version" : "1.5.0"
      }
    },
    {
      "identity" : "sdkconfigurations_sdk_ios",
      "kind" : "remoteSourceControl",
      "location" : "https://github.com/zendesk/sdkconfigurations_sdk_ios",
      "state" : {
        "revision" : "fec7b8bf3d85cb895a0820a2f9d102f9d6ba3070",
        "version" : "4.0.0"
      }
    },
    {
      "identity" : "simplekeychain",
      "kind" : "remoteSourceControl",
      "location" : "https://github.com/auth0/SimpleKeychain.git",
      "state" : {
        "revision" : "f082494aab8056139a4fe234c920a9f92f681aff",
        "version" : "1.1.0"
      }
    },
    {
      "identity" : "sovran-swift",
      "kind" : "remoteSourceControl",
      "location" : "https://github.com/segmentio/sovran-swift.git",
      "state" : {
        "revision" : "64f3b5150c282a34af4578188dce2fd597e600e3",
        "version" : "1.1.0"
      }
    },
    {
      "identity" : "support_providers_sdk_ios",
      "kind" : "remoteSourceControl",
      "location" : "https://github.com/zendesk/support_providers_sdk_ios",
      "state" : {
        "revision" : "66b49f0a0e213ee0ce5c4fca0847a1f43fbc7cee",
        "version" : "8.0.0"
      }
    },
    {
      "identity" : "support_sdk_ios",
      "kind" : "remoteSourceControl",
      "location" : "https://github.com/zendesk/support_sdk_ios",
      "state" : {
        "revision" : "ad6b6550dd789b9d2a1da4acba174c176fe7122e",
        "version" : "8.0.0"
      }
    }
  ],
  "version" : 2
}
