PODS:
  - Alamofire (5.8.0)
  - Auth0 (2.5.0):
    - JWTDecode (~> 3.1)
    - SimpleKeychain (~> 1.1)
  - Gifu (3.3.1)
  - Iterable-iOS-SDK (6.4.15)
  - JWTDecode (3.1.0)
  - LucraSDK (0.4.3):
    - Alamofire
    - Auth0
    - Iterable-iOS-SDK
    - NukeUI
    - PulseCore
    - PulseUI
    - Resolver
    - ZendeskSupportSDK
  - Nuke (10.7.1)
  - NukeUI (0.8.0):
    - Gifu (~> 3.0)
    - Nuke (~> 10.5)
  - PulseCore (4.0.3)
  - PulseUI (4.0.3):
    - PulseCore (~> 4.0)
  - Resolver (1.5.0)
  - SimpleKeychain (1.1.0)
  - ZendeskCommonUISDK (8.0.0)
  - ZendeskCoreSDK (4.0.0)
  - ZendeskMessagingAPISDK (5.0.0):
    - ZendeskSDKConfigurationsSDK (~> 3.0.0)
  - ZendeskMessagingSDK (5.0.0):
    - ZendeskCommonUISDK (~> 8.0.0)
    - ZendeskMessagingAPISDK (~> 5.0.0)
  - ZendeskSDKConfigurationsSDK (3.0.0)
  - ZendeskSupportProvidersSDK (7.0.0):
    - ZendeskCoreSDK (~> 4.0.0)
  - ZendeskSupportSDK (7.0.0):
    - ZendeskMessagingSDK (~> 5.0.0)
    - ZendeskSupportProvidersSDK (~> 7.0.0)

DEPENDENCIES:
  - LucraSDK (from `../LucraSDK.podspec`)

SPEC REPOS:
  https://github.com/CocoaPods/Specs.git:
    - Alamofire
    - Auth0
    - Gifu
    - Iterable-iOS-SDK
    - JWTDecode
    - Nuke
    - NukeUI
    - PulseCore
    - PulseUI
    - Resolver
    - SimpleKeychain
    - ZendeskCommonUISDK
    - ZendeskCoreSDK
    - ZendeskMessagingAPISDK
    - ZendeskMessagingSDK
    - ZendeskSDKConfigurationsSDK
    - ZendeskSupportProvidersSDK
    - ZendeskSupportSDK

EXTERNAL SOURCES:
  LucraSDK:
    :podspec: "../LucraSDK.podspec"

SPEC CHECKSUMS:
  Alamofire: 0e92e751b3e9e66d7982db43919d01f313b8eb91
  Auth0: 72f19ad566fdf57f07bf37f828afd0c1570769a5
  Gifu: 416d4e38c4c2fed012f019e0a1d3ffcb58e5b842
  Iterable-iOS-SDK: 8d871b81d5a696b5a3a5173d72d08a96fc5ea98d
  JWTDecode: 3eaab1e06b6f4dcbdd6716aff09ba4c2104ca8b7
  LucraSDK: c432803546780bb3affdc6fc98502b2c537d4dd7
  Nuke: 279f17a599fd1c83cf51de5e0e1f2db143a287b0
  NukeUI: 6e99837a8d066c93baa4262692d9ea9ffbc863ba
  PulseCore: fe047fb6d905591771cf43406f7afae6941e5c42
  PulseUI: 99cc702dd94cddb2af8e0cfbcc1dec1012fda984
  Resolver: 68984624572763018fd8ec7b8e3e8df0e3b6bba5
  SimpleKeychain: f8707c8e97b38c6a6e687b17732afc9bcef06439
  ZendeskCommonUISDK: d2dfaa56b9da2658dac0e078022bf918959b5854
  ZendeskCoreSDK: bd3bc4e7ac4e508de20425a1eac3512a2d2c86bb
  ZendeskMessagingAPISDK: 355f623d727620755b4041a42dffda4fb28ab90c
  ZendeskMessagingSDK: 66b82e44c774359ac14f5fb21765aa73d0d174dd
  ZendeskSDKConfigurationsSDK: 6b4b0941d46afd7352682c4ce764d5999535b7d4
  ZendeskSupportProvidersSDK: 44f6639b5845815d4111b97ff00218f122ef9e33
  ZendeskSupportSDK: cae2bd10740bed62d8f89b78e6eea42713cd1e3c

PODFILE CHECKSUM: 14a4ff6af93108930bd720bb32ab06eb25bc626c

COCOAPODS: 1.12.1
