PODS:
  - LucraSDK (1.4.0-beta3):
    - ZendeskSupportSDK
  - ZendeskCommonUISDK (9.0.0)
  - ZendeskCoreSDK (5.0.0)
  - ZendeskMessagingAPISDK (6.0.0):
    - ZendeskSDKConfigurationsSDK (~> 4.0.0)
  - ZendeskMessagingSDK (6.0.0):
    - ZendeskCommonUISDK (~> 9.0.0)
    - ZendeskMessagingAPISDK (~> 6.0.0)
  - ZendeskSDKConfigurationsSDK (4.0.0)
  - ZendeskSupportProvidersSDK (8.0.0):
    - ZendeskCoreSDK (~> 5.0.0)
  - ZendeskSupportSDK (8.0.0):
    - ZendeskMessagingSDK (~> 6.0.0)
    - ZendeskSupportProvidersSDK (~> 8.0.0)

DEPENDENCIES:
  - LucraSDK (from `../../LucraSDK.podspec`)

SPEC REPOS:
  https://github.com/CocoaPods/Specs.git:
    - ZendeskCommonUISDK
    - ZendeskCoreSDK
    - ZendeskMessagingAPISDK
    - ZendeskMessagingSDK
    - ZendeskSDKConfigurationsSDK
    - ZendeskSupportProvidersSDK
    - ZendeskSupportSDK

EXTERNAL SOURCES:
  LucraSDK:
    :podspec: "../../LucraSDK.podspec"

SPEC CHECKSUMS:
  LucraSDK: b5aa0e36605223831c34bb3aba49bc9612856692
  ZendeskCommonUISDK: b87f90874386ebcc01f4b2a0b20a28c62658987a
  ZendeskCoreSDK: cdc814e7fd64764fb0b0acb04e596df437708faa
  ZendeskMessagingAPISDK: 9ce539eebcaa014fe6acc44da31262a2c52891c1
  ZendeskMessagingSDK: ccc8dd41b774b0d2f94733505b9f1882d72184da
  ZendeskSDKConfigurationsSDK: 79c444da987390456ec05657ffa2f5ca0eb54aef
  ZendeskSupportProvidersSDK: 4aafe8114a9bba1a98dc03ca14d8fa6510cf4e70
  ZendeskSupportSDK: 8cf921c496269bb5f53aac9320f3d002a793991d

PODFILE CHECKSUM: 7e27ea221cbb60fd55fa56e34f8926e5f9ce9541

COCOAPODS: 1.15.2
