PODS:
  - Auth0 (2.5.0):
    - JWTDecode (~> 3.1)
    - SimpleKeychain (~> 1.1)
  - Gifu (3.3.1)
  - JWTDecode (3.1.0)
  - LucraSDK (1.0.2):
    - Auth0
    - NukeUI
    - PulseCore
    - PulseUI
    - Resolver
    - ZendeskSupportSDK
  - Nuke (10.7.1)
  - NukeUI (0.8.0):
    - Gifu (~> 3.0)
    - Nuke (~> 10.5)
  - PulseCore (4.0.5)
  - PulseUI (4.0.5):
    - PulseCore (~> 4.0)
  - Resolver (1.5.0)
  - SimpleKeychain (1.1.0)
  - ZendeskCommonUISDK (9.0.0)
  - ZendeskCoreSDK (5.0.0)
  - ZendeskMessagingAPISDK (6.0.0):
    - ZendeskSDKConfigurationsSDK (~> 4.0.0)
  - ZendeskMessagingSDK (6.0.0):
    - ZendeskCommonUISDK (~> 9.0.0)
    - ZendeskMessagingAPISDK (~> 6.0.0)
  - ZendeskSDKConfigurationsSDK (4.0.0)
  - ZendeskSupportProvidersSDK (8.0.0):
    - ZendeskCoreSDK (~> 5.0.0)
  - ZendeskSupportSDK (8.0.0):
    - ZendeskMessagingSDK (~> 6.0.0)
    - ZendeskSupportProvidersSDK (~> 8.0.0)

DEPENDENCIES:
  - LucraSDK (from `../../LucraSDK.podspec`)

SPEC REPOS:
  https://github.com/CocoaPods/Specs.git:
    - Auth0
    - Gifu
    - JWTDecode
    - Nuke
    - NukeUI
    - PulseCore
    - PulseUI
    - Resolver
    - SimpleKeychain
    - ZendeskCommonUISDK
    - ZendeskCoreSDK
    - ZendeskMessagingAPISDK
    - ZendeskMessagingSDK
    - ZendeskSDKConfigurationsSDK
    - ZendeskSupportProvidersSDK
    - ZendeskSupportSDK

EXTERNAL SOURCES:
  LucraSDK:
    :podspec: "../../LucraSDK.podspec"

SPEC CHECKSUMS:
  Auth0: 72f19ad566fdf57f07bf37f828afd0c1570769a5
  Gifu: 416d4e38c4c2fed012f019e0a1d3ffcb58e5b842
  JWTDecode: 3eaab1e06b6f4dcbdd6716aff09ba4c2104ca8b7
  LucraSDK: b0231e18079fc400507ea39ae13338ed7c10c286
  Nuke: 279f17a599fd1c83cf51de5e0e1f2db143a287b0
  NukeUI: 6e99837a8d066c93baa4262692d9ea9ffbc863ba
  PulseCore: 57c2d770c4bd442c4f64f896795d9b11385c03ff
  PulseUI: ab3626fad924cf656533c532af37b912c735374a
  Resolver: 68984624572763018fd8ec7b8e3e8df0e3b6bba5
  SimpleKeychain: f8707c8e97b38c6a6e687b17732afc9bcef06439
  ZendeskCommonUISDK: b87f90874386ebcc01f4b2a0b20a28c62658987a
  ZendeskCoreSDK: cdc814e7fd64764fb0b0acb04e596df437708faa
  ZendeskMessagingAPISDK: 9ce539eebcaa014fe6acc44da31262a2c52891c1
  ZendeskMessagingSDK: ccc8dd41b774b0d2f94733505b9f1882d72184da
  ZendeskSDKConfigurationsSDK: 79c444da987390456ec05657ffa2f5ca0eb54aef
  ZendeskSupportProvidersSDK: 4aafe8114a9bba1a98dc03ca14d8fa6510cf4e70
  ZendeskSupportSDK: 8cf921c496269bb5f53aac9320f3d002a793991d

PODFILE CHECKSUM: 7e27ea221cbb60fd55fa56e34f8926e5f9ce9541

COCOAPODS: 1.14.2
